PODS:
  - Flutter (1.0.0)
  - flutter_levels_picker (0.0.1):
    - Flutter

DEPENDENCIES:
  - Flutter (from `Flutter`)
  - flutter_levels_picker (from `.symlinks/plugins/flutter_levels_picker/ios`)

EXTERNAL SOURCES:
  Flutter:
    :path: Flutter
  flutter_levels_picker:
    :path: ".symlinks/plugins/flutter_levels_picker/ios"

SPEC CHECKSUMS:
  Flutter: 50d75fe2f02b26cc09d224853bb45737f8b3214a
  flutter_levels_picker: bea301634ec7c25eba355f562bddd408e6da28d2

PODFILE CHECKSUM: aafe91acc616949ddb318b77800a7f51bffa2a4c

COCOAPODS: 1.11.2
